
Microsoft Visual Studio Solution File, Format Version 12.00
# Visual Studio Version 16
VisualStudioVersion = 16.0.31729.503
MinimumVisualStudioVersion = 10.0.40219.1
Project("{FAE04EC0-301F-11D3-BF4B-00C04F79EFBC}") = "RecordStoreApp", "RecordStoreApp\RecordStoreApp.csproj", "{BE843AB7-D644-45D3-B358-78FFA461C497}"
EndProject
Global
	GlobalSection(SolutionConfigurationPlatforms) = preSolution
		Debug|Any CPU = Debug|Any CPU
		Release|Any CPU = Release|Any CPU
	EndGlobalSection
	GlobalSection(ProjectConfigurationPlatforms) = postSolution
		{BE843AB7-D644-45D3-B358-78FFA461C497}.Debug|Any CPU.ActiveCfg = Debug|Any CPU
		{BE843AB7-D644-45D3-B358-78FFA461C497}.Debug|Any CPU.Build.0 = Debug|Any CPU
		{BE843AB7-D644-45D3-B358-78FFA461C497}.Release|Any CPU.ActiveCfg = Release|Any CPU
		{BE843AB7-D644-45D3-B358-78FFA461C497}.Release|Any CPU.Build.0 = Release|Any CPU
	EndGlobalSection
	GlobalSection(SolutionProperties) = preSolution
		HideSolutionNode = FALSE
	EndGlobalSection
	GlobalSection(ExtensibilityGlobals) = postSolution
		SolutionGuid = {7AFC175A-12D1-47AB-AEB5-43F0A0063EDC}
	EndGlobalSection
EndGlobal
